// !$*UTF8*$!
{
	archiveVersion = 1;
	classes = {
	};
	objectVersion = 46;
	objects = {

/* Begin PBXBuildFile section */
		560CDD041C8C0CEE00DCB04B /* AppDelegate.swift in Sources */ = {isa = PBXBuildFile; fileRef = 560CDD031C8C0CEE00DCB04B /* AppDelegate.swift */; };
		560CDD061C8C0CEE00DCB04B /* ViewController.swift in Sources */ = {isa = PBXBuildFile; fileRef = 560CDD051C8C0CEE00DCB04B /* ViewController.swift */; };
		560CDD091C8C0CEE00DCB04B /* Main.storyboard in Resources */ = {isa = PBXBuildFile; fileRef = 560CDD071C8C0CEE00DCB04B /* Main.storyboard */; };
		560CDD0C1C8C0CEE00DCB04B /* MarcandoLaRuta.xcdatamodeld in Sources */ = {isa = PBXBuildFile; fileRef = 560CDD0A1C8C0CEE00DCB04B /* MarcandoLaRuta.xcdatamodeld */; };
		560CDD0E1C8C0CEE00DCB04B /* Assets.xcassets in Resources */ = {isa = PBXBuildFile; fileRef = 560CDD0D1C8C0CEE00DCB04B /* Assets.xcassets */; };
		560CDD111C8C0CEE00DCB04B /* LaunchScreen.storyboard in Resources */ = {isa = PBXBuildFile; fileRef = 560CDD0F1C8C0CEE00DCB04B /* LaunchScreen.storyboard */; };
/* End PBXBuildFile section */

/* Begin PBXFileReference section */
		560CDD001C8C0CED00DCB04B /* MarcandoLaRuta.app */ = {isa = PBXFileReference; explicitFileType = wrapper.application; includeInIndex = 0; path = MarcandoLaRuta.app; sourceTree = BUILT_PRODUCTS_DIR; };
		560CDD031C8C0CEE00DCB04B /* AppDelegate.swift */ = {isa = PBXFileReference; lastKnownFileType = sourcecode.swift; path = AppDelegate.swift; sourceTree = "<group>"; };
		560CDD051C8C0CEE00DCB04B /* ViewController.swift */ = {isa = PBXFileReference; lastKnownFileType = sourcecode.swift; path = ViewController.swift; sourceTree = "<group>"; };
		560CDD081C8C0CEE00DCB04B /* Base */ = {isa = PBXFileReference; lastKnownFileType = file.storyboard; name = Base; path = Base.lproj/Main.storyboard; sourceTree = "<group>"; };
		560CDD0B1C8C0CEE00DCB04B /* MarcandoLaRuta.xcdatamodel */ = {isa = PBXFileReference; lastKnownFileType = wrapper.xcdatamodel; path = MarcandoLaRuta.xcdatamodel; sourceTree = "<group>"; };
		560CDD0D1C8C0CEE00DCB04B /* Assets.xcassets */ = {isa = PBXFileReference; lastKnownFileType = folder.assetcatalog; path = Assets.xcassets; sourceTree = "<group>"; };
		560CDD101C8C0CEE00DCB04B /* Base */ = {isa = PBXFileReference; lastKnownFileType = file.storyboard; name = Base; path = Base.lproj/LaunchScreen.storyboard; sourceTree = "<group>"; };
		560CDD121C8C0CEE00DCB04B /* Info.plist */ = {isa = PBXFileReference; lastKnownFileType = text.plist.xml; path = Info.plist; sourceTree = "<group>"; };
/* End PBXFileReference section */

/* Begin PBXFrameworksBuildPhase section */
		560CDCFD1C8C0CED00DCB04B /* Frameworks */ = {
			isa = PBXFrameworksBuildPhase;
			buildActionMask = 2147483647;
			files = (
			);
			runOnlyForDeploymentPostprocessing = 0;
		};
/* End PBXFrameworksBuildPhase section */

/* Begin PBXGroup section */
		560CDCF71C8C0CED00DCB04B = {
			isa = PBXGroup;
			children = (
				560CDD021C8C0CED00DCB04B /* MarcandoLaRuta */,
				560CDD011C8C0CED00DCB04B /* Products */,
			);
			sourceTree = "<group>";
		};
		560CDD011C8C0CED00DCB04B /* Products */ = {
			isa = PBXGroup;
			children = (
				560CDD001C8C0CED00DCB04B /* MarcandoLaRuta.app */,
			);
			name = Products;
			sourceTree = "<group>";
		};
		560CDD021C8C0CED00DCB04B /* MarcandoLaRuta */ = {
			isa = PBXGroup;
			children = (
				560CDD031C8C0CEE00DCB04B /* AppDelegate.swift */,
				560CDD051C8C0CEE00DCB04B /* ViewController.swift */,
				560CDD071C8C0CEE00DCB04B /* Main.storyboard */,
				560CDD0D1C8C0CEE00DCB04B /* Assets.xcassets */,
				560CDD0F1C8C0CEE00DCB04B /* LaunchScreen.storyboard */,
				560CDD121C8C0CEE00DCB04B /* Info.plist */,
				560CDD0A1C8C0CEE00DCB04B /* MarcandoLaRuta.xcdatamodeld */,
			);
			path = MarcandoLaRuta;
			sourceTree = "<group>";
		};
/* End PBXGroup section */

/* Begin PBXNativeTarget section */
		560CDCFF1C8C0CED00DCB04B /* MarcandoLaRuta */ = {
			isa = PBXNativeTarget;
			buildConfigurationList = 560CDD151C8C0CEE00DCB04B /* Build configuration list for PBXNativeTarget "MarcandoLaRuta" */;
			buildPhases = (
				560CDCFC1C8C0CED00DCB04B /* Sources */,
				560CDCFD1C8C0CED00DCB04B /* Frameworks */,
				560CDCFE1C8C0CED00DCB04B /* Resources */,
			);
			buildRules = (
			);
			dependencies = (
			);
			name = MarcandoLaRuta;
			productName = MarcandoLaRuta;
			productReference = 560CDD001C8C0CED00DCB04B /* MarcandoLaRuta.app */;
			productType = "com.apple.product-type.application";
		};
/* End PBXNativeTarget section */

/* Begin PBXProject section */
		560CDCF81C8C0CED00DCB04B /* Project object */ = {
			isa = PBXProject;
			attributes = {
				LastSwiftUpdateCheck = 0720;
				LastUpgradeCheck = 0720;
				ORGANIZATIONNAME = "Gerardo Guerra Pulido";
				TargetAttributes = {
					560CDCFF1C8C0CED00DCB04B = {
						CreatedOnToolsVersion = 7.2.1;
						DevelopmentTeam = 59BP8U82B7;
					};
				};
			};
			buildConfigurationList = 560CDCFB1C8C0CED00DCB04B /* Build configuration list for PBXProject "MarcandoLaRuta" */;
			compatibilityVersion = "Xcode 3.2";
			developmentRegion = English;
			hasScannedForEncodings = 0;
			knownRegions = (
				en,
				Base,
			);
			mainGroup = 560CDCF71C8C0CED00DCB04B;
			productRefGroup = 560CDD011C8C0CED00DCB04B /* Products */;
			projectDirPath = "";
			projectRoot = "";
			targets = (
				560CDCFF1C8C0CED00DCB04B /* MarcandoLaRuta */,
			);
		};
/* End PBXProject section */

/* Begin PBXResourcesBuildPhase section */
		560CDCFE1C8C0CED00DCB04B /* Resources */ = {
			isa = PBXResourcesBuildPhase;
			buildActionMask = 2147483647;
			files = (
				560CDD111C8C0CEE00DCB04B /* LaunchScreen.storyboard in Resources */,
				560CDD0E1C8C0CEE00DCB04B /* Assets.xcassets in Resources */,
				560CDD091C8C0CEE00DCB04B /* Main.storyboard in Resources */,
			);
			runOnlyForDeploymentPostprocessing = 0;
		};
/* End PBXResourcesBuildPhase section */

/* Begin PBXSourcesBuildPhase section */
		560CDCFC1C8C0CED00DCB04B /* Sources */ = {
			isa = PBXSourcesBuildPhase;
			buildActionMask = 2147483647;
			files = (
				560CDD0C1C8C0CEE00DCB04B /* MarcandoLaRuta.xcdatamodeld in Sources */,
				560CDD061C8C0CEE00DCB04B /* ViewController.swift in Sources */,
				560CDD041C8C0CEE00DCB04B /* AppDelegate.swift in Sources */,
			);
			runOnlyForDeploymentPostprocessing = 0;
		};
/* End PBXSourcesBuildPhase section */

/* Begin PBXVariantGroup section */
		560CDD071C8C0CEE00DCB04B /* Main.storyboard */ = {
			isa = PBXVariantGroup;
			children = (
				560CDD081C8C0CEE00DCB04B /* Base */,
			);
			name = Main.storyboard;
			sourceTree = "<group>";
		};
		560CDD0F1C8C0CEE00DCB04B /* LaunchScreen.storyboard */ = {
			isa = PBXVariantGroup;
			children = (
				560CDD101C8C0CEE00DCB04B /* Base */,
			);
			name = LaunchScreen.storyboard;
			sourceTree = "<group>";
		};
/* End PBXVariantGroup section */

/* Begin XCBuildConfiguration section */
		560CDD131C8C0CEE00DCB04B /* Debug */ = {
			isa = XCBuildConfiguration;
			buildSettings = {
				ALWAYS_SEARCH_USER_PATHS = NO;
				CLANG_CXX_LANGUAGE_STANDARD = "gnu++0x";
				CLANG_CXX_LIBRARY = "libc++";
				CLANG_ENABLE_MODULES = YES;
				CLANG_ENABLE_OBJC_ARC = YES;
				CLANG_WARN_BOOL_CONVERSION = YES;
				CLANG_WARN_CONSTANT_CONVERSION = YES;
				CLANG_WARN_DIRECT_OBJC_ISA_USAGE = YES_ERROR;
				CLANG_WARN_EMPTY_BODY = YES;
				CLANG_WARN_ENUM_CONVERSION = YES;
				CLANG_WARN_INT_CONVERSION = YES;
				CLANG_WARN_OBJC_ROOT_CLASS = YES_ERROR;
				CLANG_WARN_UNREACHABLE_CODE = YES;
				CLANG_WARN__DUPLICATE_METHOD_MATCH = YES;
				"CODE_SIGN_IDENTITY[sdk=iphoneos*]" = "iPhone Developer";
				COPY_PHASE_STRIP = NO;
				DEBUG_INFORMATION_FORMAT = dwarf;
				ENABLE_STRICT_OBJC_MSGSEND = YES;
				ENABLE_TESTABILITY = YES;
				GCC_C_LANGUAGE_STANDARD = gnu99;
				GCC_DYNAMIC_NO_PIC = NO;
				GCC_NO_COMMON_BLOCKS = YES;
				GCC_OPTIMIZATION_LEVEL = 0;
				GCC_PREPROCESSOR_DEFINITIONS = (
					"DEBUG=1",
					"$(inherited)",
				);
				GCC_WARN_64_TO_32_BIT_CONVERSION = YES;
				GCC_WARN_ABOUT_RETURN_TYPE = YES_ERROR;
				GCC_WARN_UNDECLARED_SELECTOR = YES;
				GCC_WARN_UNINITIALIZED_AUTOS = YES_AGGRESSIVE;
				GCC_WARN_UNUSED_FUNCTION = YES;
				GCC_WARN_UNUSED_VARIABLE = YES;
				IPHONEOS_DEPLOYMENT_TARGET = 9.2;
				MTL_ENABLE_DEBUG_INFO = YES;
				ONLY_ACTIVE_ARCH = YES;
				SDKROOT = iphoneos;
				SWIFT_OPTIMIZATION_LEVEL = "-Onone";
				TARGETED_DEVICE_FAMILY = "1,2";
			};
			name = Debug;
		};
		560CDD141C8C0CEE00DCB04B /* Release */ = {
			isa = XCBuildConfiguration;
			buildSettings = {
				ALWAYS_SEARCH_USER_PATHS = NO;
				CLANG_CXX_LANGUAGE_STANDARD = "gnu++0x";
				CLANG_CXX_LIBRARY = "libc++";
				CLANG_ENABLE_MODULES = YES;
				CLANG_ENABLE_OBJC_ARC = YES;
				CLANG_WARN_BOOL_CONVERSION = YES;
				CLANG_WARN_CONSTANT_CONVERSION = YES;
				CLANG_WARN_DIRECT_OBJC_ISA_USAGE = YES_ERROR;
				CLANG_WARN_EMPTY_BODY = YES;
				CLANG_WARN_ENUM_CONVERSION = YES;
				CLANG_WARN_INT_CONVERSION = YES;
				CLANG_WARN_OBJC_ROOT_CLASS = YES_ERROR;
				CLANG_WARN_UNREACHABLE_CODE = YES;
				CLANG_WARN__DUPLICATE_METHOD_MATCH = YES;
				"CODE_SIGN_IDENTITY[sdk=iphoneos*]" = "iPhone Developer";
				COPY_PHASE_STRIP = NO;
				DEBUG_INFORMATION_FORMAT = "dwarf-with-dsym";
				ENABLE_NS_ASSERTIONS = NO;
				ENABLE_STRICT_OBJC_MSGSEND = YES;
				GCC_C_LANGUAGE_STANDARD = gnu99;
				GCC_NO_COMMON_BLOCKS = YES;
				GCC_WARN_64_TO_32_BIT_CONVERSION = YES;
				GCC_WARN_ABOUT_RETURN_TYPE = YES_ERROR;
				GCC_WARN_UNDECLARED_SELECTOR = YES;
				GCC_WARN_UNINITIALIZED_AUTOS = YES_AGGRESSIVE;
				GCC_WARN_UNUSED_FUNCTION = YES;
				GCC_WARN_UNUSED_VARIABLE = YES;
				IPHONEOS_DEPLOYMENT_TARGET = 9.2;
				MTL_ENABLE_DEBUG_INFO = NO;
				SDKROOT = iphoneos;
				TARGETED_DEVICE_FAMILY = "1,2";
				VALIDATE_PRODUCT = YES;
			};
			name = Release;
		};
		560CDD161C8C0CEE00DCB04B /* Debug */ = {
			isa = XCBuildConfiguration;
			buildSettings = {
				ASSETCATALOG_COMPILER_APPICON_NAME = AppIcon;
				INFOPLIST_FILE = MarcandoLaRuta/Info.plist;
				LD_RUNPATH_SEARCH_PATHS = "$(inherited) @executable_path/Frameworks";
				PRODUCT_BUNDLE_IDENTIFIER = mx.itesm.MarcandoLaRuta;
				PRODUCT_NAME = "$(TARGET_NAME)";
			};
			name = Debug;
		};
		560CDD171C8C0CEE00DCB04B /* Release */ = {
			isa = XCBuildConfiguration;
			buildSettings = {
				ASSETCATALOG_COMPILER_APPICON_NAME = AppIcon;
				INFOPLIST_FILE = MarcandoLaRuta/Info.plist;
				LD_RUNPATH_SEARCH_PATHS = "$(inherited) @executable_path/Frameworks";
				PRODUCT_BUNDLE_IDENTIFIER = mx.itesm.MarcandoLaRuta;
				PRODUCT_NAME = "$(TARGET_NAME)";
			};
			name = Release;
		};
/* End XCBuildConfiguration section */

/* Begin XCConfigurationList section */
		560CDCFB1C8C0CED00DCB04B /* Build configuration list for PBXProject "MarcandoLaRuta" */ = {
			isa = XCConfigurationList;
			buildConfigurations = (
				560CDD131C8C0CEE00DCB04B /* Debug */,
				560CDD141C8C0CEE00DCB04B /* Release */,
			);
			defaultConfigurationIsVisible = 0;
			defaultConfigurationName = Release;
		};
		560CDD151C8C0CEE00DCB04B /* Build configuration list for PBXNativeTarget "MarcandoLaRuta" */ = {
			isa = XCConfigurationList;
			buildConfigurations = (
				560CDD161C8C0CEE00DCB04B /* Debug */,
				560CDD171C8C0CEE00DCB04B /* Release */,
			);
			defaultConfigurationIsVisible = 0;
		};
/* End XCConfigurationList section */

/* Begin XCVersionGroup section */
		560CDD0A1C8C0CEE00DCB04B /* MarcandoLaRuta.xcdatamodeld */ = {
			isa = XCVersionGroup;
			children = (
				560CDD0B1C8C0CEE00DCB04B /* MarcandoLaRuta.xcdatamodel */,
			);
			currentVersion = 560CDD0B1C8C0CEE00DCB04B /* MarcandoLaRuta.xcdatamodel */;
			path = MarcandoLaRuta.xcdatamodeld;
			sourceTree = "<group>";
			versionGroupType = wrapper.xcdatamodel;
		};
/* End XCVersionGroup section */
	};
	rootObject = 560CDCF81C8C0CED00DCB04B /* Project object */;
}
